
Microsoft Visual Studio Solution File, Format Version 12.00
# Visual Studio Version 17
VisualStudioVersion = 17.14.36429.23
MinimumVisualStudioVersion = 10.0.40219.1
Project("{FAE04EC0-301F-11D3-BF4B-00C04F79EFBC}") = "Client", "Client.csproj", "{8966255B-9E42-4919-ADE3-132F257718BD}"
EndProject
Project("{FAE04EC0-301F-11D3-BF4B-00C04F79EFBC}") = "Server", "..\Server\Server.csproj", "{9253C782-8BFB-9B50-EF5D-D0174F3C77FF}"
EndProject
Global
	GlobalSection(SolutionConfigurationPlatforms) = preSolution
		Debug|Any CPU = Debug|Any CPU
		Release|Any CPU = Release|Any CPU
	EndGlobalSection
	GlobalSection(ProjectConfigurationPlatforms) = postSolution
		{8966255B-9E42-4919-ADE3-132F257718BD}.Debug|Any CPU.ActiveCfg = Debug|Any CPU
		{8966255B-9E42-4919-ADE3-132F257718BD}.Debug|Any CPU.Build.0 = Debug|Any CPU
		{8966255B-9E42-4919-ADE3-132F257718BD}.Release|Any CPU.ActiveCfg = Release|Any CPU
		{8966255B-9E42-4919-ADE3-132F257718BD}.Release|Any CPU.Build.0 = Release|Any CPU
		{9253C782-8BFB-9B50-EF5D-D0174F3C77FF}.Debug|Any CPU.ActiveCfg = Debug|Any CPU
		{9253C782-8BFB-9B50-EF5D-D0174F3C77FF}.Debug|Any CPU.Build.0 = Debug|Any CPU
		{9253C782-8BFB-9B50-EF5D-D0174F3C77FF}.Release|Any CPU.ActiveCfg = Release|Any CPU
		{9253C782-8BFB-9B50-EF5D-D0174F3C77FF}.Release|Any CPU.Build.0 = Release|Any CPU
	EndGlobalSection
	GlobalSection(SolutionProperties) = preSolution
		HideSolutionNode = FALSE
	EndGlobalSection
	GlobalSection(ExtensibilityGlobals) = postSolution
		SolutionGuid = {7A10F767-03F8-4B4D-B65E-5EF506266979}
	EndGlobalSection
EndGlobal
